
Microsoft Visual Studio Solution File, Format Version 12.00
# Visual Studio 15
VisualStudioVersion = 15.0.28010.2003
MinimumVisualStudioVersion = 10.0.40219.1
Project("{FAE04EC0-301F-11D3-BF4B-00C04F79EFBC}") = "Facebook.Messenger.Library", "Facebook.Messenger.Library\Facebook.Messenger.Library.csproj", "{7A03A770-695F-4707-A5D6-35DD6375292E}"
EndProject
Project("{FAE04EC0-301F-11D3-BF4B-00C04F79EFBC}") = "Facebook.Messenger.Client", "Facebook.Messenger.Client\Facebook.Messenger.Client.csproj", "{C22647E1-31D7-44C3-8CEB-214E01778B99}"
EndProject
Project("{FAE04EC0-301F-11D3-BF4B-00C04F79EFBC}") = "Facebook.Messenger.Client.Tests", "Facebook.Messenger.Client.Tests\Facebook.Messenger.Client.Tests.csproj", "{93778A38-C7B4-449A-89DF-61D976D8B779}"
EndProject
Global
	GlobalSection(SolutionConfigurationPlatforms) = preSolution
		Debug|Any CPU = Debug|Any CPU
		Release|Any CPU = Release|Any CPU
	EndGlobalSection
	GlobalSection(ProjectConfigurationPlatforms) = postSolution
		{7A03A770-695F-4707-A5D6-35DD6375292E}.Debug|Any CPU.ActiveCfg = Debug|Any CPU
		{7A03A770-695F-4707-A5D6-35DD6375292E}.Debug|Any CPU.Build.0 = Debug|Any CPU
		{7A03A770-695F-4707-A5D6-35DD6375292E}.Release|Any CPU.ActiveCfg = Release|Any CPU
		{7A03A770-695F-4707-A5D6-35DD6375292E}.Release|Any CPU.Build.0 = Release|Any CPU
		{C22647E1-31D7-44C3-8CEB-214E01778B99}.Debug|Any CPU.ActiveCfg = Debug|Any CPU
		{C22647E1-31D7-44C3-8CEB-214E01778B99}.Debug|Any CPU.Build.0 = Debug|Any CPU
		{C22647E1-31D7-44C3-8CEB-214E01778B99}.Release|Any CPU.ActiveCfg = Release|Any CPU
		{C22647E1-31D7-44C3-8CEB-214E01778B99}.Release|Any CPU.Build.0 = Release|Any CPU
		{93778A38-C7B4-449A-89DF-61D976D8B779}.Debug|Any CPU.ActiveCfg = Debug|Any CPU
		{93778A38-C7B4-449A-89DF-61D976D8B779}.Debug|Any CPU.Build.0 = Debug|Any CPU
		{93778A38-C7B4-449A-89DF-61D976D8B779}.Release|Any CPU.ActiveCfg = Release|Any CPU
		{93778A38-C7B4-449A-89DF-61D976D8B779}.Release|Any CPU.Build.0 = Release|Any CPU
	EndGlobalSection
	GlobalSection(SolutionProperties) = preSolution
		HideSolutionNode = FALSE
	EndGlobalSection
	GlobalSection(ExtensibilityGlobals) = postSolution
		SolutionGuid = {BE372F33-29B5-45BC-A7E4-2DE9DAC0E835}
	EndGlobalSection
EndGlobal
